// !$*UTF8*$!
{
	archiveVersion = 1;
	classes = {
	};
	objectVersion = 46;
	objects = {

/* Begin PBXBuildFile section */
		FC65B0131D6AD045007F7C92 /* AppDelegate.swift in Sources */ = {isa = PBXBuildFile; fileRef = FC65B0121D6AD045007F7C92 /* AppDelegate.swift */; };
		FC65B0151D6AD045007F7C92 /* ViewController.swift in Sources */ = {isa = PBXBuildFile; fileRef = FC65B0141D6AD045007F7C92 /* ViewController.swift */; };
		FC65B0181D6AD045007F7C92 /* Main.storyboard in Resources */ = {isa = PBXBuildFile; fileRef = FC65B0161D6AD045007F7C92 /* Main.storyboard */; };
		FC65B01A1D6AD045007F7C92 /* Assets.xcassets in Resources */ = {isa = PBXBuildFile; fileRef = FC65B0191D6AD045007F7C92 /* Assets.xcassets */; };
		FC65B01D1D6AD045007F7C92 /* LaunchScreen.storyboard in Resources */ = {isa = PBXBuildFile; fileRef = FC65B01B1D6AD045007F7C92 /* LaunchScreen.storyboard */; };
/* End PBXBuildFile section */

/* Begin PBXFileReference section */
		FC65B00F1D6AD045007F7C92 /* AnimatedTutorial.app */ = {isa = PBXFileReference; explicitFileType = wrapper.application; includeInIndex = 0; path = AnimatedTutorial.app; sourceTree = BUILT_PRODUCTS_DIR; };
		FC65B0121D6AD045007F7C92 /* AppDelegate.swift */ = {isa = PBXFileReference; lastKnownFileType = sourcecode.swift; path = AppDelegate.swift; sourceTree = "<group>"; };
		FC65B0141D6AD045007F7C92 /* ViewController.swift */ = {isa = PBXFileReference; lastKnownFileType = sourcecode.swift; path = ViewController.swift; sourceTree = "<group>"; };
		FC65B0171D6AD045007F7C92 /* Base */ = {isa = PBXFileReference; lastKnownFileType = file.storyboard; name = Base; path = Base.lproj/Main.storyboard; sourceTree = "<group>"; };
		FC65B0191D6AD045007F7C92 /* Assets.xcassets */ = {isa = PBXFileReference; lastKnownFileType = folder.assetcatalog; path = Assets.xcassets; sourceTree = "<group>"; };
		FC65B01C1D6AD045007F7C92 /* Base */ = {isa = PBXFileReference; lastKnownFileType = file.storyboard; name = Base; path = Base.lproj/LaunchScreen.storyboard; sourceTree = "<group>"; };
		FC65B01E1D6AD045007F7C92 /* Info.plist */ = {isa = PBXFileReference; lastKnownFileType = text.plist.xml; path = Info.plist; sourceTree = "<group>"; };
/* End PBXFileReference section */

/* Begin PBXFrameworksBuildPhase section */
		FC65B00C1D6AD045007F7C92 /* Frameworks */ = {
			isa = PBXFrameworksBuildPhase;
			buildActionMask = 2147483647;
			files = (
			);
			runOnlyForDeploymentPostprocessing = 0;
		};
/* End PBXFrameworksBuildPhase section */

/* Begin PBXGroup section */
		FC65B0061D6AD045007F7C92 = {
			isa = PBXGroup;
			children = (
				FC65B0111D6AD045007F7C92 /* AnimatedTutorial */,
				FC65B0101D6AD045007F7C92 /* Products */,
			);
			sourceTree = "<group>";
		};
		FC65B0101D6AD045007F7C92 /* Products */ = {
			isa = PBXGroup;
			children = (
				FC65B00F1D6AD045007F7C92 /* AnimatedTutorial.app */,
			);
			name = Products;
			sourceTree = "<group>";
		};
		FC65B0111D6AD045007F7C92 /* AnimatedTutorial */ = {
			isa = PBXGroup;
			children = (
				FC65B0121D6AD045007F7C92 /* AppDelegate.swift */,
				FC65B0141D6AD045007F7C92 /* ViewController.swift */,
				FC65B0161D6AD045007F7C92 /* Main.storyboard */,
				FC65B0191D6AD045007F7C92 /* Assets.xcassets */,
				FC65B01B1D6AD045007F7C92 /* LaunchScreen.storyboard */,
				FC65B01E1D6AD045007F7C92 /* Info.plist */,
			);
			path = AnimatedTutorial;
			sourceTree = "<group>";
		};
/* End PBXGroup section */

/* Begin PBXNativeTarget section */
		FC65B00E1D6AD045007F7C92 /* AnimatedTutorial */ = {
			isa = PBXNativeTarget;
			buildConfigurationList = FC65B0211D6AD045007F7C92 /* Build configuration list for PBXNativeTarget "AnimatedTutorial" */;
			buildPhases = (
				FC65B00B1D6AD045007F7C92 /* Sources */,
				FC65B00C1D6AD045007F7C92 /* Frameworks */,
				FC65B00D1D6AD045007F7C92 /* Resources */,
			);
			buildRules = (
			);
			dependencies = (
			);
			name = AnimatedTutorial;
			productName = AnimatedTutorial;
			productReference = FC65B00F1D6AD045007F7C92 /* AnimatedTutorial.app */;
			productType = "com.apple.product-type.application";
		};
/* End PBXNativeTarget section */

/* Begin PBXProject section */
		FC65B0071D6AD045007F7C92 /* Project object */ = {
			isa = PBXProject;
			attributes = {
				LastSwiftUpdateCheck = 0730;
				LastUpgradeCheck = 0730;
				ORGANIZATIONNAME = "Edouard Barbier";
				TargetAttributes = {
					FC65B00E1D6AD045007F7C92 = {
						CreatedOnToolsVersion = 7.3.1;
					};
				};
			};
			buildConfigurationList = FC65B00A1D6AD045007F7C92 /* Build configuration list for PBXProject "AnimatedTutorial" */;
			compatibilityVersion = "Xcode 3.2";
			developmentRegion = English;
			hasScannedForEncodings = 0;
			knownRegions = (
				en,
				Base,
			);
			mainGroup = FC65B0061D6AD045007F7C92;
			productRefGroup = FC65B0101D6AD045007F7C92 /* Products */;
			projectDirPath = "";
			projectRoot = "";
			targets = (
				FC65B00E1D6AD045007F7C92 /* AnimatedTutorial */,
			);
		};
/* End PBXProject section */

/* Begin PBXResourcesBuildPhase section */
		FC65B00D1D6AD045007F7C92 /* Resources */ = {
			isa = PBXResourcesBuildPhase;
			buildActionMask = 2147483647;
			files = (
				FC65B01D1D6AD045007F7C92 /* LaunchScreen.storyboard in Resources */,
				FC65B01A1D6AD045007F7C92 /* Assets.xcassets in Resources */,
				FC65B0181D6AD045007F7C92 /* Main.storyboard in Resources */,
			);
			runOnlyForDeploymentPostprocessing = 0;
		};
/* End PBXResourcesBuildPhase section */

/* Begin PBXSourcesBuildPhase section */
		FC65B00B1D6AD045007F7C92 /* Sources */ = {
			isa = PBXSourcesBuildPhase;
			buildActionMask = 2147483647;
			files = (
				FC65B0151D6AD045007F7C92 /* ViewController.swift in Sources */,
				FC65B0131D6AD045007F7C92 /* AppDelegate.swift in Sources */,
			);
			runOnlyForDeploymentPostprocessing = 0;
		};
/* End PBXSourcesBuildPhase section */

/* Begin PBXVariantGroup section */
		FC65B0161D6AD045007F7C92 /* Main.storyboard */ = {
			isa = PBXVariantGroup;
			children = (
				FC65B0171D6AD045007F7C92 /* Base */,
			);
			name = Main.storyboard;
			sourceTree = "<group>";
		};
		FC65B01B1D6AD045007F7C92 /* LaunchScreen.storyboard */ = {
			isa = PBXVariantGroup;
			children = (
				FC65B01C1D6AD045007F7C92 /* Base */,
			);
			name = LaunchScreen.storyboard;
			sourceTree = "<group>";
		};
/* End PBXVariantGroup section */

/* Begin XCBuildConfiguration section */
		FC65B01F1D6AD045007F7C92 /* Debug */ = {
			isa = XCBuildConfiguration;
			buildSettings = {
				ALWAYS_SEARCH_USER_PATHS = NO;
				CLANG_ANALYZER_NONNULL = YES;
				CLANG_CXX_LANGUAGE_STANDARD = "gnu++0x";
				CLANG_CXX_LIBRARY = "libc++";
				CLANG_ENABLE_MODULES = YES;
				CLANG_ENABLE_OBJC_ARC = YES;
				CLANG_WARN_BOOL_CONVERSION = YES;
				CLANG_WARN_CONSTANT_CONVERSION = YES;
				CLANG_WARN_DIRECT_OBJC_ISA_USAGE = YES_ERROR;
				CLANG_WARN_EMPTY_BODY = YES;
				CLANG_WARN_ENUM_CONVERSION = YES;
				CLANG_WARN_INT_CONVERSION = YES;
				CLANG_WARN_OBJC_ROOT_CLASS = YES_ERROR;
				CLANG_WARN_UNREACHABLE_CODE = YES;
				CLANG_WARN__DUPLICATE_METHOD_MATCH = YES;
				"CODE_SIGN_IDENTITY[sdk=iphoneos*]" = "iPhone Developer";
				COPY_PHASE_STRIP = NO;
				DEBUG_INFORMATION_FORMAT = dwarf;
				ENABLE_STRICT_OBJC_MSGSEND = YES;
				ENABLE_TESTABILITY = YES;
				GCC_C_LANGUAGE_STANDARD = gnu99;
				GCC_DYNAMIC_NO_PIC = NO;
				GCC_NO_COMMON_BLOCKS = YES;
				GCC_OPTIMIZATION_LEVEL = 0;
				GCC_PREPROCESSOR_DEFINITIONS = (
					"DEBUG=1",
					"$(inherited)",
				);
				GCC_WARN_64_TO_32_BIT_CONVERSION = YES;
				GCC_WARN_ABOUT_RETURN_TYPE = YES_ERROR;
				GCC_WARN_UNDECLARED_SELECTOR = YES;
				GCC_WARN_UNINITIALIZED_AUTOS = YES_AGGRESSIVE;
				GCC_WARN_UNUSED_FUNCTION = YES;
				GCC_WARN_UNUSED_VARIABLE = YES;
				IPHONEOS_DEPLOYMENT_TARGET = 9.3;
				MTL_ENABLE_DEBUG_INFO = YES;
				ONLY_ACTIVE_ARCH = YES;
				SDKROOT = iphoneos;
				SWIFT_OPTIMIZATION_LEVEL = "-Onone";
				TARGETED_DEVICE_FAMILY = "1,2";
			};
			name = Debug;
		};
		FC65B0201D6AD045007F7C92 /* Release */ = {
			isa = XCBuildConfiguration;
			buildSettings = {
				ALWAYS_SEARCH_USER_PATHS = NO;
				CLANG_ANALYZER_NONNULL = YES;
				CLANG_CXX_LANGUAGE_STANDARD = "gnu++0x";
				CLANG_CXX_LIBRARY = "libc++";
				CLANG_ENABLE_MODULES = YES;
				CLANG_ENABLE_OBJC_ARC = YES;
				CLANG_WARN_BOOL_CONVERSION = YES;
				CLANG_WARN_CONSTANT_CONVERSION = YES;
				CLANG_WARN_DIRECT_OBJC_ISA_USAGE = YES_ERROR;
				CLANG_WARN_EMPTY_BODY = YES;
				CLANG_WARN_ENUM_CONVERSION = YES;
				CLANG_WARN_INT_CONVERSION = YES;
				CLANG_WARN_OBJC_ROOT_CLASS = YES_ERROR;
				CLANG_WARN_UNREACHABLE_CODE = YES;
				CLANG_WARN__DUPLICATE_METHOD_MATCH = YES;
				"CODE_SIGN_IDENTITY[sdk=iphoneos*]" = "iPhone Developer";
				COPY_PHASE_STRIP = NO;
				DEBUG_INFORMATION_FORMAT = "dwarf-with-dsym";
				ENABLE_NS_ASSERTIONS = NO;
				ENABLE_STRICT_OBJC_MSGSEND = YES;
				GCC_C_LANGUAGE_STANDARD = gnu99;
				GCC_NO_COMMON_BLOCKS = YES;
				GCC_WARN_64_TO_32_BIT_CONVERSION = YES;
				GCC_WARN_ABOUT_RETURN_TYPE = YES_ERROR;
				GCC_WARN_UNDECLARED_SELECTOR = YES;
				GCC_WARN_UNINITIALIZED_AUTOS = YES_AGGRESSIVE;
				GCC_WARN_UNUSED_FUNCTION = YES;
				GCC_WARN_UNUSED_VARIABLE = YES;
				IPHONEOS_DEPLOYMENT_TARGET = 9.3;
				MTL_ENABLE_DEBUG_INFO = NO;
				SDKROOT = iphoneos;
				TARGETED_DEVICE_FAMILY = "1,2";
				VALIDATE_PRODUCT = YES;
			};
			name = Release;
		};
		FC65B0221D6AD045007F7C92 /* Debug */ = {
			isa = XCBuildConfiguration;
			buildSettings = {
				ASSETCATALOG_COMPILER_APPICON_NAME = AppIcon;
				INFOPLIST_FILE = AnimatedTutorial/Info.plist;
				LD_RUNPATH_SEARCH_PATHS = "$(inherited) @executable_path/Frameworks";
				PRODUCT_BUNDLE_IDENTIFIER = EdouardBarbier.AnimatedTutorial;
				PRODUCT_NAME = "$(TARGET_NAME)";
			};
			name = Debug;
		};
		FC65B0231D6AD045007F7C92 /* Release */ = {
			isa = XCBuildConfiguration;
			buildSettings = {
				ASSETCATALOG_COMPILER_APPICON_NAME = AppIcon;
				INFOPLIST_FILE = AnimatedTutorial/Info.plist;
				LD_RUNPATH_SEARCH_PATHS = "$(inherited) @executable_path/Frameworks";
				PRODUCT_BUNDLE_IDENTIFIER = EdouardBarbier.AnimatedTutorial;
				PRODUCT_NAME = "$(TARGET_NAME)";
			};
			name = Release;
		};
/* End XCBuildConfiguration section */

/* Begin XCConfigurationList section */
		FC65B00A1D6AD045007F7C92 /* Build configuration list for PBXProject "AnimatedTutorial" */ = {
			isa = XCConfigurationList;
			buildConfigurations = (
				FC65B01F1D6AD045007F7C92 /* Debug */,
				FC65B0201D6AD045007F7C92 /* Release */,
			);
			defaultConfigurationIsVisible = 0;
			defaultConfigurationName = Release;
		};
		FC65B0211D6AD045007F7C92 /* Build configuration list for PBXNativeTarget "AnimatedTutorial" */ = {
			isa = XCConfigurationList;
			buildConfigurations = (
				FC65B0221D6AD045007F7C92 /* Debug */,
				FC65B0231D6AD045007F7C92 /* Release */,
			);
			defaultConfigurationIsVisible = 0;
		};
/* End XCConfigurationList section */
	};
	rootObject = FC65B0071D6AD045007F7C92 /* Project object */;
}
